// !$*UTF8*$!
{
	archiveVersion = 1;
	classes = {
	};
	objectVersion = 48;
	objects = {

/* Begin PBXBuildFile section */
		A49061FC22DDCD67006AECFD /* AppDelegate.swift in Sources */ = {isa = PBXBuildFile; fileRef = A49061FB22DDCD67006AECFD /* AppDelegate.swift */; };
		A49061FE22DDCD67006AECFD /* ViewController.swift in Sources */ = {isa = PBXBuildFile; fileRef = A49061FD22DDCD67006AECFD /* ViewController.swift */; };
		A490620122DDCD67006AECFD /* Main.storyboard in Resources */ = {isa = PBXBuildFile; fileRef = A49061FF22DDCD67006AECFD /* Main.storyboard */; };
		A490620322DDCD67006AECFD /* Assets.xcassets in Resources */ = {isa = PBXBuildFile; fileRef = A490620222DDCD67006AECFD /* Assets.xcassets */; };
		A490620622DDCD67006AECFD /* LaunchScreen.storyboard in Resources */ = {isa = PBXBuildFile; fileRef = A490620422DDCD67006AECFD /* LaunchScreen.storyboard */; };
		A490625222DDD06E006AECFD /* Anotherview.swift in Sources */ = {isa = PBXBuildFile; fileRef = A490625122DDD06E006AECFD /* Anotherview.swift */; };
/* End PBXBuildFile section */

/* Begin PBXFileReference section */
		A49061F822DDCD67006AECFD /* Git Tutorial.app */ = {isa = PBXFileReference; explicitFileType = wrapper.application; includeInIndex = 0; path = "Git Tutorial.app"; sourceTree = BUILT_PRODUCTS_DIR; };
		A49061FB22DDCD67006AECFD /* AppDelegate.swift */ = {isa = PBXFileReference; lastKnownFileType = sourcecode.swift; path = AppDelegate.swift; sourceTree = "<group>"; };
		A49061FD22DDCD67006AECFD /* ViewController.swift */ = {isa = PBXFileReference; lastKnownFileType = sourcecode.swift; path = ViewController.swift; sourceTree = "<group>"; };
		A490620022DDCD67006AECFD /* Base */ = {isa = PBXFileReference; lastKnownFileType = file.storyboard; name = Base; path = Base.lproj/Main.storyboard; sourceTree = "<group>"; };
		A490620222DDCD67006AECFD /* Assets.xcassets */ = {isa = PBXFileReference; lastKnownFileType = folder.assetcatalog; path = Assets.xcassets; sourceTree = "<group>"; };
		A490620522DDCD67006AECFD /* Base */ = {isa = PBXFileReference; lastKnownFileType = file.storyboard; name = Base; path = Base.lproj/LaunchScreen.storyboard; sourceTree = "<group>"; };
		A490620722DDCD67006AECFD /* Info.plist */ = {isa = PBXFileReference; lastKnownFileType = text.plist.xml; path = Info.plist; sourceTree = "<group>"; };
		A490625122DDD06E006AECFD /* Anotherview.swift */ = {isa = PBXFileReference; lastKnownFileType = sourcecode.swift; path = Anotherview.swift; sourceTree = "<group>"; };
/* End PBXFileReference section */

/* Begin PBXFrameworksBuildPhase section */
		A49061F522DDCD67006AECFD /* Frameworks */ = {
			isa = PBXFrameworksBuildPhase;
			buildActionMask = 2147483647;
			files = (
			);
			runOnlyForDeploymentPostprocessing = 0;
		};
/* End PBXFrameworksBuildPhase section */

/* Begin PBXGroup section */
		A49061EF22DDCD67006AECFD = {
			isa = PBXGroup;
			children = (
				A490625122DDD06E006AECFD /* Anotherview.swift */,
				A49061FA22DDCD67006AECFD /* Git Tutorial */,
				A49061F922DDCD67006AECFD /* Products */,
			);
			sourceTree = "<group>";
		};
		A49061F922DDCD67006AECFD /* Products */ = {
			isa = PBXGroup;
			children = (
				A49061F822DDCD67006AECFD /* Git Tutorial.app */,
			);
			name = Products;
			sourceTree = "<group>";
		};
		A49061FA22DDCD67006AECFD /* Git Tutorial */ = {
			isa = PBXGroup;
			children = (
				A49061FB22DDCD67006AECFD /* AppDelegate.swift */,
				A49061FD22DDCD67006AECFD /* ViewController.swift */,
				A49061FF22DDCD67006AECFD /* Main.storyboard */,
				A490620222DDCD67006AECFD /* Assets.xcassets */,
				A490620422DDCD67006AECFD /* LaunchScreen.storyboard */,
				A490620722DDCD67006AECFD /* Info.plist */,
			);
			path = "Git Tutorial";
			sourceTree = "<group>";
		};
/* End PBXGroup section */

/* Begin PBXNativeTarget section */
		A49061F722DDCD67006AECFD /* Git Tutorial */ = {
			isa = PBXNativeTarget;
			buildConfigurationList = A490620A22DDCD67006AECFD /* Build configuration list for PBXNativeTarget "Git Tutorial" */;
			buildPhases = (
				A49061F422DDCD67006AECFD /* Sources */,
				A49061F522DDCD67006AECFD /* Frameworks */,
				A49061F622DDCD67006AECFD /* Resources */,
			);
			buildRules = (
			);
			dependencies = (
			);
			name = "Git Tutorial";
			productName = "Git Tutorial";
			productReference = A49061F822DDCD67006AECFD /* Git Tutorial.app */;
			productType = "com.apple.product-type.application";
		};
/* End PBXNativeTarget section */

/* Begin PBXProject section */
		A49061F022DDCD67006AECFD /* Project object */ = {
			isa = PBXProject;
			attributes = {
				LastSwiftUpdateCheck = 0900;
				LastUpgradeCheck = 0900;
				ORGANIZATIONNAME = dJAX;
				TargetAttributes = {
					A49061F722DDCD67006AECFD = {
						CreatedOnToolsVersion = 9.0;
						ProvisioningStyle = Automatic;
					};
				};
			};
			buildConfigurationList = A49061F322DDCD67006AECFD /* Build configuration list for PBXProject "Git Tutorial" */;
			compatibilityVersion = "Xcode 8.0";
			developmentRegion = en;
			hasScannedForEncodings = 0;
			knownRegions = (
				en,
				Base,
			);
			mainGroup = A49061EF22DDCD67006AECFD;
			productRefGroup = A49061F922DDCD67006AECFD /* Products */;
			projectDirPath = "";
			projectRoot = "";
			targets = (
				A49061F722DDCD67006AECFD /* Git Tutorial */,
			);
		};
/* End PBXProject section */

/* Begin PBXResourcesBuildPhase section */
		A49061F622DDCD67006AECFD /* Resources */ = {
			isa = PBXResourcesBuildPhase;
			buildActionMask = 2147483647;
			files = (
				A490620622DDCD67006AECFD /* LaunchScreen.storyboard in Resources */,
				A490620322DDCD67006AECFD /* Assets.xcassets in Resources */,
				A490620122DDCD67006AECFD /* Main.storyboard in Resources */,
			);
			runOnlyForDeploymentPostprocessing = 0;
		};
/* End PBXResourcesBuildPhase section */

/* Begin PBXSourcesBuildPhase section */
		A49061F422DDCD67006AECFD /* Sources */ = {
			isa = PBXSourcesBuildPhase;
			buildActionMask = 2147483647;
			files = (
				A490625222DDD06E006AECFD /* Anotherview.swift in Sources */,
				A49061FE22DDCD67006AECFD /* ViewController.swift in Sources */,
				A49061FC22DDCD67006AECFD /* AppDelegate.swift in Sources */,
			);
			runOnlyForDeploymentPostprocessing = 0;
		};
/* End PBXSourcesBuildPhase section */

/* Begin PBXVariantGroup section */
		A49061FF22DDCD67006AECFD /* Main.storyboard */ = {
			isa = PBXVariantGroup;
			children = (
				A490620022DDCD67006AECFD /* Base */,
			);
			name = Main.storyboard;
			sourceTree = "<group>";
		};
		A490620422DDCD67006AECFD /* LaunchScreen.storyboard */ = {
			isa = PBXVariantGroup;
			children = (
				A490620522DDCD67006AECFD /* Base */,
			);
			name = LaunchScreen.storyboard;
			sourceTree = "<group>";
		};
/* End PBXVariantGroup section */

/* Begin XCBuildConfiguration section */
		A490620822DDCD67006AECFD /* Debug */ = {
			isa = XCBuildConfiguration;
			buildSettings = {
				ALWAYS_SEARCH_USER_PATHS = NO;
				CLANG_ANALYZER_NONNULL = YES;
				CLANG_ANALYZER_NUMBER_OBJECT_CONVERSION = YES_AGGRESSIVE;
				CLANG_CXX_LANGUAGE_STANDARD = "gnu++14";
				CLANG_CXX_LIBRARY = "libc++";
				CLANG_ENABLE_MODULES = YES;
				CLANG_ENABLE_OBJC_ARC = YES;
				CLANG_WARN_BLOCK_CAPTURE_AUTORELEASING = YES;
				CLANG_WARN_BOOL_CONVERSION = YES;
				CLANG_WARN_COMMA = YES;
				CLANG_WARN_CONSTANT_CONVERSION = YES;
				CLANG_WARN_DIRECT_OBJC_ISA_USAGE = YES_ERROR;
				CLANG_WARN_DOCUMENTATION_COMMENTS = YES;
				CLANG_WARN_EMPTY_BODY = YES;
				CLANG_WARN_ENUM_CONVERSION = YES;
				CLANG_WARN_INFINITE_RECURSION = YES;
				CLANG_WARN_INT_CONVERSION = YES;
				CLANG_WARN_NON_LITERAL_NULL_CONVERSION = YES;
				CLANG_WARN_OBJC_LITERAL_CONVERSION = YES;
				CLANG_WARN_OBJC_ROOT_CLASS = YES_ERROR;
				CLANG_WARN_RANGE_LOOP_ANALYSIS = YES;
				CLANG_WARN_STRICT_PROTOTYPES = YES;
				CLANG_WARN_SUSPICIOUS_MOVE = YES;
				CLANG_WARN_UNGUARDED_AVAILABILITY = YES_AGGRESSIVE;
				CLANG_WARN_UNREACHABLE_CODE = YES;
				CLANG_WARN__DUPLICATE_METHOD_MATCH = YES;
				CODE_SIGN_IDENTITY = "iPhone Developer";
				COPY_PHASE_STRIP = NO;
				DEBUG_INFORMATION_FORMAT = dwarf;
				ENABLE_STRICT_OBJC_MSGSEND = YES;
				ENABLE_TESTABILITY = YES;
				GCC_C_LANGUAGE_STANDARD = gnu11;
				GCC_DYNAMIC_NO_PIC = NO;
				GCC_NO_COMMON_BLOCKS = YES;
				GCC_OPTIMIZATION_LEVEL = 0;
				GCC_PREPROCESSOR_DEFINITIONS = (
					"DEBUG=1",
					"$(inherited)",
				);
				GCC_WARN_64_TO_32_BIT_CONVERSION = YES;
				GCC_WARN_ABOUT_RETURN_TYPE = YES_ERROR;
				GCC_WARN_UNDECLARED_SELECTOR = YES;
				GCC_WARN_UNINITIALIZED_AUTOS = YES_AGGRESSIVE;
				GCC_WARN_UNUSED_FUNCTION = YES;
				GCC_WARN_UNUSED_VARIABLE = YES;
				IPHONEOS_DEPLOYMENT_TARGET = 11.0;
				MTL_ENABLE_DEBUG_INFO = YES;
				ONLY_ACTIVE_ARCH = YES;
				SDKROOT = iphoneos;
				SWIFT_ACTIVE_COMPILATION_CONDITIONS = DEBUG;
				SWIFT_OPTIMIZATION_LEVEL = "-Onone";
			};
			name = Debug;
		};
		A490620922DDCD67006AECFD /* Release */ = {
			isa = XCBuildConfiguration;
			buildSettings = {
				ALWAYS_SEARCH_USER_PATHS = NO;
				CLANG_ANALYZER_NONNULL = YES;
				CLANG_ANALYZER_NUMBER_OBJECT_CONVERSION = YES_AGGRESSIVE;
				CLANG_CXX_LANGUAGE_STANDARD = "gnu++14";
				CLANG_CXX_LIBRARY = "libc++";
				CLANG_ENABLE_MODULES = YES;
				CLANG_ENABLE_OBJC_ARC = YES;
				CLANG_WARN_BLOCK_CAPTURE_AUTORELEASING = YES;
				CLANG_WARN_BOOL_CONVERSION = YES;
				CLANG_WARN_COMMA = YES;
				CLANG_WARN_CONSTANT_CONVERSION = YES;
				CLANG_WARN_DIRECT_OBJC_ISA_USAGE = YES_ERROR;
				CLANG_WARN_DOCUMENTATION_COMMENTS = YES;
				CLANG_WARN_EMPTY_BODY = YES;
				CLANG_WARN_ENUM_CONVERSION = YES;
				CLANG_WARN_INFINITE_RECURSION = YES;
				CLANG_WARN_INT_CONVERSION = YES;
				CLANG_WARN_NON_LITERAL_NULL_CONVERSION = YES;
				CLANG_WARN_OBJC_LITERAL_CONVERSION = YES;
				CLANG_WARN_OBJC_ROOT_CLASS = YES_ERROR;
				CLANG_WARN_RANGE_LOOP_ANALYSIS = YES;
				CLANG_WARN_STRICT_PROTOTYPES = YES;
				CLANG_WARN_SUSPICIOUS_MOVE = YES;
				CLANG_WARN_UNGUARDED_AVAILABILITY = YES_AGGRESSIVE;
				CLANG_WARN_UNREACHABLE_CODE = YES;
				CLANG_WARN__DUPLICATE_METHOD_MATCH = YES;
				CODE_SIGN_IDENTITY = "iPhone Developer";
				COPY_PHASE_STRIP = NO;
				DEBUG_INFORMATION_FORMAT = "dwarf-with-dsym";
				ENABLE_NS_ASSERTIONS = NO;
				ENABLE_STRICT_OBJC_MSGSEND = YES;
				GCC_C_LANGUAGE_STANDARD = gnu11;
				GCC_NO_COMMON_BLOCKS = YES;
				GCC_WARN_64_TO_32_BIT_CONVERSION = YES;
				GCC_WARN_ABOUT_RETURN_TYPE = YES_ERROR;
				GCC_WARN_UNDECLARED_SELECTOR = YES;
				GCC_WARN_UNINITIALIZED_AUTOS = YES_AGGRESSIVE;
				GCC_WARN_UNUSED_FUNCTION = YES;
				GCC_WARN_UNUSED_VARIABLE = YES;
				IPHONEOS_DEPLOYMENT_TARGET = 11.0;
				MTL_ENABLE_DEBUG_INFO = NO;
				SDKROOT = iphoneos;
				SWIFT_OPTIMIZATION_LEVEL = "-Owholemodule";
				VALIDATE_PRODUCT = YES;
			};
			name = Release;
		};
		A490620B22DDCD67006AECFD /* Debug */ = {
			isa = XCBuildConfiguration;
			buildSettings = {
				ASSETCATALOG_COMPILER_APPICON_NAME = AppIcon;
				CODE_SIGN_STYLE = Automatic;
				DEVELOPMENT_TEAM = 42G9792UQ4;
				INFOPLIST_FILE = "Git Tutorial/Info.plist";
				LD_RUNPATH_SEARCH_PATHS = "$(inherited) @executable_path/Frameworks";
				PRODUCT_BUNDLE_IDENTIFIER = "dJAX.Git-Tutorial";
				PRODUCT_NAME = "$(TARGET_NAME)";
				SWIFT_VERSION = 4.0;
				TARGETED_DEVICE_FAMILY = "1,2";
			};
			name = Debug;
		};
		A490620C22DDCD67006AECFD /* Release */ = {
			isa = XCBuildConfiguration;
			buildSettings = {
				ASSETCATALOG_COMPILER_APPICON_NAME = AppIcon;
				CODE_SIGN_STYLE = Automatic;
				DEVELOPMENT_TEAM = 42G9792UQ4;
				INFOPLIST_FILE = "Git Tutorial/Info.plist";
				LD_RUNPATH_SEARCH_PATHS = "$(inherited) @executable_path/Frameworks";
				PRODUCT_BUNDLE_IDENTIFIER = "dJAX.Git-Tutorial";
				PRODUCT_NAME = "$(TARGET_NAME)";
				SWIFT_VERSION = 4.0;
				TARGETED_DEVICE_FAMILY = "1,2";
			};
			name = Release;
		};
/* End XCBuildConfiguration section */

/* Begin XCConfigurationList section */
		A49061F322DDCD67006AECFD /* Build configuration list for PBXProject "Git Tutorial" */ = {
			isa = XCConfigurationList;
			buildConfigurations = (
				A490620822DDCD67006AECFD /* Debug */,
				A490620922DDCD67006AECFD /* Release */,
			);
			defaultConfigurationIsVisible = 0;
			defaultConfigurationName = Release;
		};
		A490620A22DDCD67006AECFD /* Build configuration list for PBXNativeTarget "Git Tutorial" */ = {
			isa = XCConfigurationList;
			buildConfigurations = (
				A490620B22DDCD67006AECFD /* Debug */,
				A490620C22DDCD67006AECFD /* Release */,
			);
			defaultConfigurationIsVisible = 0;
			defaultConfigurationName = Release;
		};
/* End XCConfigurationList section */
	};
	rootObject = A49061F022DDCD67006AECFD /* Project object */;
}
